
Microsoft Visual Studio Solution File, Format Version 12.00
# Visual Studio Version 17
VisualStudioVersion = 17.4.33213.308
MinimumVisualStudioVersion = 10.0.40219.1
Project("{FAE04EC0-301F-11D3-BF4B-00C04F79EFBC}") = "Lesson 8 Program 3", "Lesson 8 Program 3\Lesson 8 Program 3.csproj", "{C39CCF7F-FE22-4073-9A40-5F1CAD78392C}"
EndProject
Global
	GlobalSection(SolutionConfigurationPlatforms) = preSolution
		Debug|Any CPU = Debug|Any CPU
		Release|Any CPU = Release|Any CPU
	EndGlobalSection
	GlobalSection(ProjectConfigurationPlatforms) = postSolution
		{C39CCF7F-FE22-4073-9A40-5F1CAD78392C}.Debug|Any CPU.ActiveCfg = Debug|Any CPU
		{C39CCF7F-FE22-4073-9A40-5F1CAD78392C}.Debug|Any CPU.Build.0 = Debug|Any CPU
		{C39CCF7F-FE22-4073-9A40-5F1CAD78392C}.Release|Any CPU.ActiveCfg = Release|Any CPU
		{C39CCF7F-FE22-4073-9A40-5F1CAD78392C}.Release|Any CPU.Build.0 = Release|Any CPU
	EndGlobalSection
	GlobalSection(SolutionProperties) = preSolution
		HideSolutionNode = FALSE
	EndGlobalSection
	GlobalSection(ExtensibilityGlobals) = postSolution
		SolutionGuid = {4EBA8838-F1A7-4E2E-8C03-53EE14C1D0B3}
	EndGlobalSection
EndGlobal
